
Microsoft Visual Studio Solution File, Format Version 12.00
# Visual Studio Version 17
VisualStudioVersion = 17.9.34414.90
MinimumVisualStudioVersion = 10.0.40219.1
Project("{FAE04EC0-301F-11D3-BF4B-00C04F79EFBC}") = "FPP.BlazorOidcAuthenticationHelper.Client", "FPP.BlazorOidcAuthenticationHelper.Client\FPP.BlazorOidcAuthenticationHelper.Client.csproj", "{C2969698-E2D6-42B4-9FF5-B4931406B70A}"
EndProject
Project("{FAE04EC0-301F-11D3-BF4B-00C04F79EFBC}") = "FPP.BlazorOidcAuthenticationHelper", "FPP.BlazorOidcAuthenticationHelper\FPP.BlazorOidcAuthenticationHelper.csproj", "{BC1DE232-391F-4321-9A47-A15A5A3B0BD1}"
EndProject
Global
	GlobalSection(SolutionConfigurationPlatforms) = preSolution
		Debug|Any CPU = Debug|Any CPU
		Release|Any CPU = Release|Any CPU
	EndGlobalSection
	GlobalSection(ProjectConfigurationPlatforms) = postSolution
		{C2969698-E2D6-42B4-9FF5-B4931406B70A}.Debug|Any CPU.ActiveCfg = Debug|Any CPU
		{C2969698-E2D6-42B4-9FF5-B4931406B70A}.Debug|Any CPU.Build.0 = Debug|Any CPU
		{C2969698-E2D6-42B4-9FF5-B4931406B70A}.Release|Any CPU.ActiveCfg = Release|Any CPU
		{C2969698-E2D6-42B4-9FF5-B4931406B70A}.Release|Any CPU.Build.0 = Release|Any CPU
		{BC1DE232-391F-4321-9A47-A15A5A3B0BD1}.Debug|Any CPU.ActiveCfg = Debug|Any CPU
		{BC1DE232-391F-4321-9A47-A15A5A3B0BD1}.Debug|Any CPU.Build.0 = Debug|Any CPU
		{BC1DE232-391F-4321-9A47-A15A5A3B0BD1}.Release|Any CPU.ActiveCfg = Release|Any CPU
		{BC1DE232-391F-4321-9A47-A15A5A3B0BD1}.Release|Any CPU.Build.0 = Release|Any CPU
	EndGlobalSection
	GlobalSection(SolutionProperties) = preSolution
		HideSolutionNode = FALSE
	EndGlobalSection
	GlobalSection(ExtensibilityGlobals) = postSolution
		SolutionGuid = {610AB812-6483-4CC8-92F7-BE7ACC721CC6}
	EndGlobalSection
EndGlobal
